
Microsoft Visual Studio Solution File, Format Version 12.00
# Visual Studio 15
VisualStudioVersion = 15.0.27130.2020
MinimumVisualStudioVersion = 10.0.40219.1
Project("{FAE04EC0-301F-11D3-BF4B-00C04F79EFBC}") = "SeleniumHelper", "SeleniumHelper\SeleniumHelper.csproj", "{A6847649-2D79-44F3-A772-26F6866F793D}"
EndProject
Global
	GlobalSection(SolutionConfigurationPlatforms) = preSolution
		Debug|Any CPU = Debug|Any CPU
		Release|Any CPU = Release|Any CPU
	EndGlobalSection
	GlobalSection(ProjectConfigurationPlatforms) = postSolution
		{A6847649-2D79-44F3-A772-26F6866F793D}.Debug|Any CPU.ActiveCfg = Debug|Any CPU
		{A6847649-2D79-44F3-A772-26F6866F793D}.Debug|Any CPU.Build.0 = Debug|Any CPU
		{A6847649-2D79-44F3-A772-26F6866F793D}.Release|Any CPU.ActiveCfg = Release|Any CPU
		{A6847649-2D79-44F3-A772-26F6866F793D}.Release|Any CPU.Build.0 = Release|Any CPU
	EndGlobalSection
	GlobalSection(SolutionProperties) = preSolution
		HideSolutionNode = FALSE
	EndGlobalSection
	GlobalSection(ExtensibilityGlobals) = postSolution
		SolutionGuid = {217B3408-CB2F-4111-A9FF-F4B3DE503E3B}
	EndGlobalSection
EndGlobal
